{
  "originHash" : "22bf1d17f87cd71a911816624839f725dca16fe842865ce76efa650136782616",
  "pins" : [
    {
      "identity" : "audible-kit",
      "kind" : "remoteSourceControl",
      "location" : "https://github.com/AbhinavMir/audible-kit",
      "state" : {
        "revision" : "64e227a81dfee30e82e59fd28c107d1bfc05687e",
        "version" : "0.3.5"
      }
    }
  ],
  "version" : 3
}
