{
  "originHash" : "4954f2378ad9f262062b6c9c38f155175ab63d2896cab5ac1d2df7b9d4335ff9",
  "pins" : [
    {
      "identity" : "audible-kit",
      "kind" : "remoteSourceControl",
      "location" : "https://github.com/AbhinavMir/audible-kit",
      "state" : {
        "revision" : "d30cb3cdb82f6fb11fb2eb09bcca68be6dd3bab7",
        "version" : "0.4.5"
      }
    }
  ],
  "version" : 3
}
