{
  "originHash" : "5ca7e6e2a027a7051d89b3c87000563becc109855ce9589b7c2829faadb564b7",
  "pins" : [
    {
      "identity" : "audible-kit",
      "kind" : "remoteSourceControl",
      "location" : "https://github.com/AbhinavMir/audible-kit",
      "state" : {
        "revision" : "4a84d1bc6d4f5af29e3f67f048b8008bb03cdf8c",
        "version" : "0.3.2"
      }
    }
  ],
  "version" : 3
}
